
Microsoft Visual Studio Solution File, Format Version 12.00
# Visual Studio 15
VisualStudioVersion = 15.0.26730.16
MinimumVisualStudioVersion = 10.0.40219.1
Project("{FAE04EC0-301F-11D3-BF4B-00C04F79EFBC}") = "MyFirstStepNetCore", "MyFirstStepNetCore\MyFirstStepNetCore.csproj", "{B44FB855-096C-4D07-B2E4-779CB0E36C3F}"
EndProject
Global
	GlobalSection(SolutionConfigurationPlatforms) = preSolution
		Debug|Any CPU = Debug|Any CPU
		Release|Any CPU = Release|Any CPU
	EndGlobalSection
	GlobalSection(ProjectConfigurationPlatforms) = postSolution
		{B44FB855-096C-4D07-B2E4-779CB0E36C3F}.Debug|Any CPU.ActiveCfg = Debug|Any CPU
		{B44FB855-096C-4D07-B2E4-779CB0E36C3F}.Debug|Any CPU.Build.0 = Debug|Any CPU
		{B44FB855-096C-4D07-B2E4-779CB0E36C3F}.Release|Any CPU.ActiveCfg = Release|Any CPU
		{B44FB855-096C-4D07-B2E4-779CB0E36C3F}.Release|Any CPU.Build.0 = Release|Any CPU
	EndGlobalSection
	GlobalSection(SolutionProperties) = preSolution
		HideSolutionNode = FALSE
	EndGlobalSection
	GlobalSection(ExtensibilityGlobals) = postSolution
		SolutionGuid = {49AAC33D-FC69-4BAF-B387-AEABC44C952E}
	EndGlobalSection
EndGlobal
